# This file is automatically @generated by Cargo.
# It is not intended for manual editing.
version = 3

[[package]]
name = "capnp"
version = "0.14.6"
source = "registry+https://github.com/rust-lang/crates.io-index"
checksum = "21d5d7da973146f1720672faa44f1523cc8f923636190ca1a931c7bc8834de68"

[[package]]
name = "capnpc"
version = "0.14.7"
source = "registry+https://github.com/rust-lang/crates.io-index"
checksum = "c7ed9b80f792ac01a8b328ccbc509c2bd756fb5dec18af0163e7963dde23c0b5"
dependencies = [
 "capnp",
]

[[package]]
name = "capnproto-demo"
version = "0.1.0"
dependencies = [
 "capnp",
 "capnpc",
]
